
Microsoft Visual Studio Solution File, Format Version 12.00
# Visual Studio Version 17
VisualStudioVersion = 17.7.34221.43
MinimumVisualStudioVersion = 10.0.40219.1
Project("{FAE04EC0-301F-11D3-BF4B-00C04F79EFBC}") = "ExerciciosCap02", "ExerciciosCap02\ExerciciosCap02.csproj", "{295C1DC5-1F4B-4006-9D8C-96696C2AC564}"
EndProject
Global
	GlobalSection(SolutionConfigurationPlatforms) = preSolution
		Debug|Any CPU = Debug|Any CPU
		Release|Any CPU = Release|Any CPU
	EndGlobalSection
	GlobalSection(ProjectConfigurationPlatforms) = postSolution
		{295C1DC5-1F4B-4006-9D8C-96696C2AC564}.Debug|Any CPU.ActiveCfg = Debug|Any CPU
		{295C1DC5-1F4B-4006-9D8C-96696C2AC564}.Debug|Any CPU.Build.0 = Debug|Any CPU
		{295C1DC5-1F4B-4006-9D8C-96696C2AC564}.Release|Any CPU.ActiveCfg = Release|Any CPU
		{295C1DC5-1F4B-4006-9D8C-96696C2AC564}.Release|Any CPU.Build.0 = Release|Any CPU
	EndGlobalSection
	GlobalSection(SolutionProperties) = preSolution
		HideSolutionNode = FALSE
	EndGlobalSection
	GlobalSection(ExtensibilityGlobals) = postSolution
		SolutionGuid = {6DA5BEAB-AF87-4EEB-86C8-7BDFB8655301}
	EndGlobalSection
EndGlobal
